<?xml version="1.0" encoding="utf-8"?>
<Project ToolsVersion="4.0" xmlns="http://schemas.microsoft.com/developer/msbuild/2003">
  <ItemGroup>
    <Filter Include="Source Files">
      <UniqueIdentifier>{4FC737F1-C7A5-4376-A066-2A32D752A2FF}</UniqueIdentifier>
      <Extensions>cpp;c;cc;cxx;c++;cppm;ixx;def;odl;idl;hpj;bat;asm;asmx</Extensions>
    </Filter>
    <Filter Include="Header Files">
      <UniqueIdentifier>{93995380-89BD-4b04-88EB-625FBE52EBFB}</UniqueIdentifier>
      <Extensions>h;hh;hpp;hxx;h++;hm;inl;inc;ipp;xsd</Extensions>
    </Filter>
    <Filter Include="Resource Files">
      <UniqueIdentifier>{67DA6AB6-F800-4c08-8B7A-83BB121AAD01}</UniqueIdentifier>
      <Extensions>rc;ico;cur;bmp;dlg;rc2;rct;bin;rgs;gif;jpg;jpeg;jpe;resx;tiff;tif;png;wav;mfcribbon-ms</Extensions>
    </Filter>
    <Filter Include="Core">
      <UniqueIdentifier>{fc69406a-1fd7-4386-850d-6b814ab6083b}</UniqueIdentifier>
    </Filter>
    <Filter Include="Core\System">
      <UniqueIdentifier>{5f669d81-b6ad-462f-8e43-0f1886eb3025}</UniqueIdentifier>
    </Filter>
    <Filter Include="Source Files\Shader">
      <UniqueIdentifier>{b035d900-95dc-4b93-819a-e9bf47c51c77}</UniqueIdentifier>
    </Filter>
    <Filter Include="Input">
      <UniqueIdentifier>{1954621d-e002-45a3-89bb-4c5bcfa67351}</UniqueIdentifier>
    </Filter>
    <Filter Include="glad">
      <UniqueIdentifier>{492fb353-3f7f-476d-a4e3-749d9c4f007c}</UniqueIdentifier>
    </Filter>
    <Filter Include="GameObject">
      <UniqueIdentifier>{e3f344eb-5aaa-42e6-82d2-fc0c531b03ff}</UniqueIdentifier>
    </Filter>
    <Filter Include="GameObject\Primitives">
      <UniqueIdentifier>{f7e16617-4ea3-454c-9c79-05a48661e4c4}</UniqueIdentifier>
    </Filter>
    <Filter Include="Components">
      <UniqueIdentifier>{29e383cb-e1ea-4398-839f-30a065ddb4a9}</UniqueIdentifier>
    </Filter>
    <Filter Include="WindowGLFW">
      <UniqueIdentifier>{b2564877-89db-4a4b-9bf6-5cf8de5955bc}</UniqueIdentifier>
    </Filter>
    <Filter Include="Utility">
      <UniqueIdentifier>{985c9958-c0aa-4269-a3fa-2f5c60cef78c}</UniqueIdentifier>
    </Filter>
  </ItemGroup>
  <ItemGroup>
    <ClCompile Include="main.cpp">
      <Filter>Core</Filter>
    </ClCompile>
    <ClCompile Include="Core\System\Engine.cpp">
      <Filter>Core\System</Filter>
    </ClCompile>
    <ClCompile Include="GameObjects\GameObject.cpp">
      <Filter>GameObject</Filter>
    </ClCompile>
    <ClCompile Include="Core\System\Scene.cpp">
      <Filter>Core\System</Filter>
    </ClCompile>
    <ClCompile Include="WindowGLFW\Window.cpp">
      <Filter>WindowGLFW</Filter>
    </ClCompile>
    <ClCompile Include="Utility\Utility.cpp">
      <Filter>Source Files</Filter>
    </ClCompile>
  </ItemGroup>
  <ItemGroup>
    <ClInclude Include="Core\System\Engine.h">
      <Filter>Core\System</Filter>
    </ClInclude>
    <ClInclude Include="GameObjects\GameObject.h">
      <Filter>GameObject</Filter>
    </ClInclude>
    <ClInclude Include="Core\System\Scene.h">
      <Filter>Core\System</Filter>
    </ClInclude>
    <ClInclude Include="WindowGLFW\Window.h">
      <Filter>WindowGLFW</Filter>
    </ClInclude>
    <ClInclude Include="Core\System\CoreSystemStructs.h">
      <Filter>Core\System</Filter>
    </ClInclude>
    <ClInclude Include="Utility\Utility.h">
      <Filter>Header Files</Filter>
    </ClInclude>
  </ItemGroup>
  <ItemGroup>
    <None Include="Shader\shader.vert">
      <Filter>Source Files\Shader</Filter>
    </None>
  </ItemGroup>
  <ItemGroup>
    <FxCompile Include="Shader\shader.frag">
      <Filter>Source Files\Shader</Filter>
    </FxCompile>
  </ItemGroup>
</Project>